// !$*UTF8*$!
{
	archiveVersion = 1;
	classes = {
	};
	objectVersion = 50;
	objects = {

/* Begin PBXBuildFile section */
		149B5160DFF5C903475905A1 /* Pods_FlixRedo.framework in Frameworks */ = {isa = PBXBuildFile; fileRef = 632178E366C413B5E0717086 /* Pods_FlixRedo.framework */; };
		5822855857BBDAA41C32E8AB /* Pods_FlixRedoUITests.framework in Frameworks */ = {isa = PBXBuildFile; fileRef = F8D7F785C30CD8918DEEAB32 /* Pods_FlixRedoUITests.framework */; };
		7314211E22A80794008DDFE4 /* AppDelegate.swift in Sources */ = {isa = PBXBuildFile; fileRef = 7314211D22A80794008DDFE4 /* AppDelegate.swift */; };
		7314212022A80794008DDFE4 /* MoviesViewController.swift in Sources */ = {isa = PBXBuildFile; fileRef = 7314211F22A80794008DDFE4 /* MoviesViewController.swift */; };
		7314212322A80794008DDFE4 /* Main.storyboard in Resources */ = {isa = PBXBuildFile; fileRef = 7314212122A80794008DDFE4 /* Main.storyboard */; };
		7314212522A80796008DDFE4 /* Assets.xcassets in Resources */ = {isa = PBXBuildFile; fileRef = 7314212422A80796008DDFE4 /* Assets.xcassets */; };
		7314212822A80796008DDFE4 /* LaunchScreen.storyboard in Resources */ = {isa = PBXBuildFile; fileRef = 7314212622A80796008DDFE4 /* LaunchScreen.storyboard */; };
		7314213322A80796008DDFE4 /* FlixRedoUITests.swift in Sources */ = {isa = PBXBuildFile; fileRef = 7314213222A80796008DDFE4 /* FlixRedoUITests.swift */; };
		7314213E22A832C6008DDFE4 /* MovieCell.swift in Sources */ = {isa = PBXBuildFile; fileRef = 7314213D22A832C6008DDFE4 /* MovieCell.swift */; };
		731E9D4F22AFEC590036FB0F /* MovieDetailsViewController.swift in Sources */ = {isa = PBXBuildFile; fileRef = 731E9D4E22AFEC590036FB0F /* MovieDetailsViewController.swift */; };
		731E9D5122B11AC50036FB0F /* MovieGridViewController.swift in Sources */ = {isa = PBXBuildFile; fileRef = 731E9D5022B11AC50036FB0F /* MovieGridViewController.swift */; };
		731E9D5322B11D5B0036FB0F /* MovieGridCell.swift in Sources */ = {isa = PBXBuildFile; fileRef = 731E9D5222B11D5B0036FB0F /* MovieGridCell.swift */; };
		731E9D5522B2E7EB0036FB0F /* TrailerViewController.swift in Sources */ = {isa = PBXBuildFile; fileRef = 731E9D5422B2E7EB0036FB0F /* TrailerViewController.swift */; };
/* End PBXBuildFile section */

/* Begin PBXContainerItemProxy section */
		7314212F22A80796008DDFE4 /* PBXContainerItemProxy */ = {
			isa = PBXContainerItemProxy;
			containerPortal = 7314211222A80794008DDFE4 /* Project object */;
			proxyType = 1;
			remoteGlobalIDString = 7314211922A80794008DDFE4;
			remoteInfo = FlixRedo;
		};
/* End PBXContainerItemProxy section */

/* Begin PBXFileReference section */
		2444D07118164DC64319969B /* Pods-FlixRedo.release.xcconfig */ = {isa = PBXFileReference; includeInIndex = 1; lastKnownFileType = text.xcconfig; name = "Pods-FlixRedo.release.xcconfig"; path = "Pods/Target Support Files/Pods-FlixRedo/Pods-FlixRedo.release.xcconfig"; sourceTree = "<group>"; };
		24875CCACB76A7231CD0C565 /* Pods-FlixRedoUITests.debug.xcconfig */ = {isa = PBXFileReference; includeInIndex = 1; lastKnownFileType = text.xcconfig; name = "Pods-FlixRedoUITests.debug.xcconfig"; path = "Pods/Target Support Files/Pods-FlixRedoUITests/Pods-FlixRedoUITests.debug.xcconfig"; sourceTree = "<group>"; };
		43B021740E7C7CC61A332297 /* Pods-FlixRedo.debug.xcconfig */ = {isa = PBXFileReference; includeInIndex = 1; lastKnownFileType = text.xcconfig; name = "Pods-FlixRedo.debug.xcconfig"; path = "Pods/Target Support Files/Pods-FlixRedo/Pods-FlixRedo.debug.xcconfig"; sourceTree = "<group>"; };
		632178E366C413B5E0717086 /* Pods_FlixRedo.framework */ = {isa = PBXFileReference; explicitFileType = wrapper.framework; includeInIndex = 0; path = Pods_FlixRedo.framework; sourceTree = BUILT_PRODUCTS_DIR; };
		7314211A22A80794008DDFE4 /* FlixRedo.app */ = {isa = PBXFileReference; explicitFileType = wrapper.application; includeInIndex = 0; path = FlixRedo.app; sourceTree = BUILT_PRODUCTS_DIR; };
		7314211D22A80794008DDFE4 /* AppDelegate.swift */ = {isa = PBXFileReference; lastKnownFileType = sourcecode.swift; path = AppDelegate.swift; sourceTree = "<group>"; };
		7314211F22A80794008DDFE4 /* MoviesViewController.swift */ = {isa = PBXFileReference; lastKnownFileType = sourcecode.swift; path = MoviesViewController.swift; sourceTree = "<group>"; };
		7314212222A80794008DDFE4 /* Base */ = {isa = PBXFileReference; lastKnownFileType = file.storyboard; name = Base; path = Base.lproj/Main.storyboard; sourceTree = "<group>"; };
		7314212422A80796008DDFE4 /* Assets.xcassets */ = {isa = PBXFileReference; lastKnownFileType = folder.assetcatalog; path = Assets.xcassets; sourceTree = "<group>"; };
		7314212722A80796008DDFE4 /* Base */ = {isa = PBXFileReference; lastKnownFileType = file.storyboard; name = Base; path = Base.lproj/LaunchScreen.storyboard; sourceTree = "<group>"; };
		7314212922A80796008DDFE4 /* Info.plist */ = {isa = PBXFileReference; lastKnownFileType = text.plist.xml; path = Info.plist; sourceTree = "<group>"; };
		7314212E22A80796008DDFE4 /* FlixRedoUITests.xctest */ = {isa = PBXFileReference; explicitFileType = wrapper.cfbundle; includeInIndex = 0; path = FlixRedoUITests.xctest; sourceTree = BUILT_PRODUCTS_DIR; };
		7314213222A80796008DDFE4 /* FlixRedoUITests.swift */ = {isa = PBXFileReference; lastKnownFileType = sourcecode.swift; path = FlixRedoUITests.swift; sourceTree = "<group>"; };
		7314213422A80796008DDFE4 /* Info.plist */ = {isa = PBXFileReference; lastKnownFileType = text.plist.xml; path = Info.plist; sourceTree = "<group>"; };
		7314213D22A832C6008DDFE4 /* MovieCell.swift */ = {isa = PBXFileReference; lastKnownFileType = sourcecode.swift; path = MovieCell.swift; sourceTree = "<group>"; };
		731E9D4E22AFEC590036FB0F /* MovieDetailsViewController.swift */ = {isa = PBXFileReference; lastKnownFileType = sourcecode.swift; path = MovieDetailsViewController.swift; sourceTree = "<group>"; };
		731E9D5022B11AC50036FB0F /* MovieGridViewController.swift */ = {isa = PBXFileReference; lastKnownFileType = sourcecode.swift; path = MovieGridViewController.swift; sourceTree = "<group>"; };
		731E9D5222B11D5B0036FB0F /* MovieGridCell.swift */ = {isa = PBXFileReference; lastKnownFileType = sourcecode.swift; path = MovieGridCell.swift; sourceTree = "<group>"; };
		731E9D5422B2E7EB0036FB0F /* TrailerViewController.swift */ = {isa = PBXFileReference; lastKnownFileType = sourcecode.swift; path = TrailerViewController.swift; sourceTree = "<group>"; };
		A8B9B277AF6FB86D36ED75FB /* Pods-FlixRedoUITests.release.xcconfig */ = {isa = PBXFileReference; includeInIndex = 1; lastKnownFileType = text.xcconfig; name = "Pods-FlixRedoUITests.release.xcconfig"; path = "Pods/Target Support Files/Pods-FlixRedoUITests/Pods-FlixRedoUITests.release.xcconfig"; sourceTree = "<group>"; };
		F8D7F785C30CD8918DEEAB32 /* Pods_FlixRedoUITests.framework */ = {isa = PBXFileReference; explicitFileType = wrapper.framework; includeInIndex = 0; path = Pods_FlixRedoUITests.framework; sourceTree = BUILT_PRODUCTS_DIR; };
/* End PBXFileReference section */

/* Begin PBXFrameworksBuildPhase section */
		7314211722A80794008DDFE4 /* Frameworks */ = {
			isa = PBXFrameworksBuildPhase;
			buildActionMask = 2147483647;
			files = (
				149B5160DFF5C903475905A1 /* Pods_FlixRedo.framework in Frameworks */,
			);
			runOnlyForDeploymentPostprocessing = 0;
		};
		7314212B22A80796008DDFE4 /* Frameworks */ = {
			isa = PBXFrameworksBuildPhase;
			buildActionMask = 2147483647;
			files = (
				5822855857BBDAA41C32E8AB /* Pods_FlixRedoUITests.framework in Frameworks */,
			);
			runOnlyForDeploymentPostprocessing = 0;
		};
/* End PBXFrameworksBuildPhase section */

/* Begin PBXGroup section */
		7314211122A80794008DDFE4 = {
			isa = PBXGroup;
			children = (
				7314211C22A80794008DDFE4 /* FlixRedo */,
				7314213122A80796008DDFE4 /* FlixRedoUITests */,
				7314211B22A80794008DDFE4 /* Products */,
				A06A49D64DD44EA81FF414E3 /* Pods */,
				E53183715CD1A38E0A0F6BC1 /* Frameworks */,
			);
			sourceTree = "<group>";
		};
		7314211B22A80794008DDFE4 /* Products */ = {
			isa = PBXGroup;
			children = (
				7314211A22A80794008DDFE4 /* FlixRedo.app */,
				7314212E22A80796008DDFE4 /* FlixRedoUITests.xctest */,
			);
			name = Products;
			sourceTree = "<group>";
		};
		7314211C22A80794008DDFE4 /* FlixRedo */ = {
			isa = PBXGroup;
			children = (
				7314211D22A80794008DDFE4 /* AppDelegate.swift */,
				7314212122A80794008DDFE4 /* Main.storyboard */,
				7314212422A80796008DDFE4 /* Assets.xcassets */,
				7314212622A80796008DDFE4 /* LaunchScreen.storyboard */,
				7314212922A80796008DDFE4 /* Info.plist */,
				7314211F22A80794008DDFE4 /* MoviesViewController.swift */,
				731E9D4E22AFEC590036FB0F /* MovieDetailsViewController.swift */,
				731E9D5022B11AC50036FB0F /* MovieGridViewController.swift */,
				731E9D5422B2E7EB0036FB0F /* TrailerViewController.swift */,
				731E9D5222B11D5B0036FB0F /* MovieGridCell.swift */,
				7314213D22A832C6008DDFE4 /* MovieCell.swift */,
			);
			path = FlixRedo;
			sourceTree = "<group>";
		};
		7314213122A80796008DDFE4 /* FlixRedoUITests */ = {
			isa = PBXGroup;
			children = (
				7314213222A80796008DDFE4 /* FlixRedoUITests.swift */,
				7314213422A80796008DDFE4 /* Info.plist */,
			);
			path = FlixRedoUITests;
			sourceTree = "<group>";
		};
		A06A49D64DD44EA81FF414E3 /* Pods */ = {
			isa = PBXGroup;
			children = (
				43B021740E7C7CC61A332297 /* Pods-FlixRedo.debug.xcconfig */,
				2444D07118164DC64319969B /* Pods-FlixRedo.release.xcconfig */,
				24875CCACB76A7231CD0C565 /* Pods-FlixRedoUITests.debug.xcconfig */,
				A8B9B277AF6FB86D36ED75FB /* Pods-FlixRedoUITests.release.xcconfig */,
			);
			name = Pods;
			sourceTree = "<group>";
		};
		E53183715CD1A38E0A0F6BC1 /* Frameworks */ = {
			isa = PBXGroup;
			children = (
				632178E366C413B5E0717086 /* Pods_FlixRedo.framework */,
				F8D7F785C30CD8918DEEAB32 /* Pods_FlixRedoUITests.framework */,
			);
			name = Frameworks;
			sourceTree = "<group>";
		};
/* End PBXGroup section */

/* Begin PBXNativeTarget section */
		7314211922A80794008DDFE4 /* FlixRedo */ = {
			isa = PBXNativeTarget;
			buildConfigurationList = 7314213722A80796008DDFE4 /* Build configuration list for PBXNativeTarget "FlixRedo" */;
			buildPhases = (
				609D386A46ADFA0A53DADD14 /* [CP] Check Pods Manifest.lock */,
				7314211622A80794008DDFE4 /* Sources */,
				7314211722A80794008DDFE4 /* Frameworks */,
				7314211822A80794008DDFE4 /* Resources */,
				078BB0E1812A38DF8BD87E32 /* [CP] Embed Pods Frameworks */,
			);
			buildRules = (
			);
			dependencies = (
			);
			name = FlixRedo;
			productName = FlixRedo;
			productReference = 7314211A22A80794008DDFE4 /* FlixRedo.app */;
			productType = "com.apple.product-type.application";
		};
		7314212D22A80796008DDFE4 /* FlixRedoUITests */ = {
			isa = PBXNativeTarget;
			buildConfigurationList = 7314213A22A80796008DDFE4 /* Build configuration list for PBXNativeTarget "FlixRedoUITests" */;
			buildPhases = (
				77D5F1336EDB92715D7B7504 /* [CP] Check Pods Manifest.lock */,
				7314212A22A80796008DDFE4 /* Sources */,
				7314212B22A80796008DDFE4 /* Frameworks */,
				7314212C22A80796008DDFE4 /* Resources */,
			);
			buildRules = (
			);
			dependencies = (
				7314213022A80796008DDFE4 /* PBXTargetDependency */,
			);
			name = FlixRedoUITests;
			productName = FlixRedoUITests;
			productReference = 7314212E22A80796008DDFE4 /* FlixRedoUITests.xctest */;
			productType = "com.apple.product-type.bundle.ui-testing";
		};
/* End PBXNativeTarget section */

/* Begin PBXProject section */
		7314211222A80794008DDFE4 /* Project object */ = {
			isa = PBXProject;
			attributes = {
				LastSwiftUpdateCheck = 1010;
				LastUpgradeCheck = 1010;
				ORGANIZATIONNAME = "Taylor McLaughlin";
				TargetAttributes = {
					7314211922A80794008DDFE4 = {
						CreatedOnToolsVersion = 10.1;
					};
					7314212D22A80796008DDFE4 = {
						CreatedOnToolsVersion = 10.1;
						TestTargetID = 7314211922A80794008DDFE4;
					};
				};
			};
			buildConfigurationList = 7314211522A80794008DDFE4 /* Build configuration list for PBXProject "FlixRedo" */;
			compatibilityVersion = "Xcode 9.3";
			developmentRegion = en;
			hasScannedForEncodings = 0;
			knownRegions = (
				en,
				Base,
			);
			mainGroup = 7314211122A80794008DDFE4;
			productRefGroup = 7314211B22A80794008DDFE4 /* Products */;
			projectDirPath = "";
			projectRoot = "";
			targets = (
				7314211922A80794008DDFE4 /* FlixRedo */,
				7314212D22A80796008DDFE4 /* FlixRedoUITests */,
			);
		};
/* End PBXProject section */

/* Begin PBXResourcesBuildPhase section */
		7314211822A80794008DDFE4 /* Resources */ = {
			isa = PBXResourcesBuildPhase;
			buildActionMask = 2147483647;
			files = (
				7314212822A80796008DDFE4 /* LaunchScreen.storyboard in Resources */,
				7314212522A80796008DDFE4 /* Assets.xcassets in Resources */,
				7314212322A80794008DDFE4 /* Main.storyboard in Resources */,
			);
			runOnlyForDeploymentPostprocessing = 0;
		};
		7314212C22A80796008DDFE4 /* Resources */ = {
			isa = PBXResourcesBuildPhase;
			buildActionMask = 2147483647;
			files = (
			);
			runOnlyForDeploymentPostprocessing = 0;
		};
/* End PBXResourcesBuildPhase section */

/* Begin PBXShellScriptBuildPhase section */
		078BB0E1812A38DF8BD87E32 /* [CP] Embed Pods Frameworks */ = {
			isa = PBXShellScriptBuildPhase;
			buildActionMask = 2147483647;
			files = (
			);
			inputPaths = (
				"${SRCROOT}/Pods/Target Support Files/Pods-FlixRedo/Pods-FlixRedo-frameworks.sh",
				"${BUILT_PRODUCTS_DIR}/Alamofire/Alamofire.framework",
				"${BUILT_PRODUCTS_DIR}/AlamofireImage/AlamofireImage.framework",
			);
			name = "[CP] Embed Pods Frameworks";
			outputPaths = (
				"${TARGET_BUILD_DIR}/${FRAMEWORKS_FOLDER_PATH}/Alamofire.framework",
				"${TARGET_BUILD_DIR}/${FRAMEWORKS_FOLDER_PATH}/AlamofireImage.framework",
			);
			runOnlyForDeploymentPostprocessing = 0;
			shellPath = /bin/sh;
			shellScript = "\"${SRCROOT}/Pods/Target Support Files/Pods-FlixRedo/Pods-FlixRedo-frameworks.sh\"\n";
			showEnvVarsInLog = 0;
		};
		609D386A46ADFA0A53DADD14 /* [CP] Check Pods Manifest.lock */ = {
			isa = PBXShellScriptBuildPhase;
			buildActionMask = 2147483647;
			files = (
			);
			inputPaths = (
				"${PODS_PODFILE_DIR_PATH}/Podfile.lock",
				"${PODS_ROOT}/Manifest.lock",
			);
			name = "[CP] Check Pods Manifest.lock";
			outputPaths = (
				"$(DERIVED_FILE_DIR)/Pods-FlixRedo-checkManifestLockResult.txt",
			);
			runOnlyForDeploymentPostprocessing = 0;
			shellPath = /bin/sh;
			shellScript = "diff \"${PODS_PODFILE_DIR_PATH}/Podfile.lock\" \"${PODS_ROOT}/Manifest.lock\" > /dev/null\nif [ $? != 0 ] ; then\n    # print error to STDERR\n    echo \"error: The sandbox is not in sync with the Podfile.lock. Run 'pod install' or update your CocoaPods installation.\" >&2\n    exit 1\nfi\n# This output is used by Xcode 'outputs' to avoid re-running this script phase.\necho \"SUCCESS\" > \"${SCRIPT_OUTPUT_FILE_0}\"\n";
			showEnvVarsInLog = 0;
		};
		77D5F1336EDB92715D7B7504 /* [CP] Check Pods Manifest.lock */ = {
			isa = PBXShellScriptBuildPhase;
			buildActionMask = 2147483647;
			files = (
			);
			inputPaths = (
				"${PODS_PODFILE_DIR_PATH}/Podfile.lock",
				"${PODS_ROOT}/Manifest.lock",
			);
			name = "[CP] Check Pods Manifest.lock";
			outputPaths = (
				"$(DERIVED_FILE_DIR)/Pods-FlixRedoUITests-checkManifestLockResult.txt",
			);
			runOnlyForDeploymentPostprocessing = 0;
			shellPath = /bin/sh;
			shellScript = "diff \"${PODS_PODFILE_DIR_PATH}/Podfile.lock\" \"${PODS_ROOT}/Manifest.lock\" > /dev/null\nif [ $? != 0 ] ; then\n    # print error to STDERR\n    echo \"error: The sandbox is not in sync with the Podfile.lock. Run 'pod install' or update your CocoaPods installation.\" >&2\n    exit 1\nfi\n# This output is used by Xcode 'outputs' to avoid re-running this script phase.\necho \"SUCCESS\" > \"${SCRIPT_OUTPUT_FILE_0}\"\n";
			showEnvVarsInLog = 0;
		};
/* End PBXShellScriptBuildPhase section */

/* Begin PBXSourcesBuildPhase section */
		7314211622A80794008DDFE4 /* Sources */ = {
			isa = PBXSourcesBuildPhase;
			buildActionMask = 2147483647;
			files = (
				731E9D5122B11AC50036FB0F /* MovieGridViewController.swift in Sources */,
				731E9D4F22AFEC590036FB0F /* MovieDetailsViewController.swift in Sources */,
				731E9D5522B2E7EB0036FB0F /* TrailerViewController.swift in Sources */,
				7314212022A80794008DDFE4 /* MoviesViewController.swift in Sources */,
				7314211E22A80794008DDFE4 /* AppDelegate.swift in Sources */,
				731E9D5322B11D5B0036FB0F /* MovieGridCell.swift in Sources */,
				7314213E22A832C6008DDFE4 /* MovieCell.swift in Sources */,
			);
			runOnlyForDeploymentPostprocessing = 0;
		};
		7314212A22A80796008DDFE4 /* Sources */ = {
			isa = PBXSourcesBuildPhase;
			buildActionMask = 2147483647;
			files = (
				7314213322A80796008DDFE4 /* FlixRedoUITests.swift in Sources */,
			);
			runOnlyForDeploymentPostprocessing = 0;
		};
/* End PBXSourcesBuildPhase section */

/* Begin PBXTargetDependency section */
		7314213022A80796008DDFE4 /* PBXTargetDependency */ = {
			isa = PBXTargetDependency;
			target = 7314211922A80794008DDFE4 /* FlixRedo */;
			targetProxy = 7314212F22A80796008DDFE4 /* PBXContainerItemProxy */;
		};
/* End PBXTargetDependency section */

/* Begin PBXVariantGroup section */
		7314212122A80794008DDFE4 /* Main.storyboard */ = {
			isa = PBXVariantGroup;
			children = (
				7314212222A80794008DDFE4 /* Base */,
			);
			name = Main.storyboard;
			sourceTree = "<group>";
		};
		7314212622A80796008DDFE4 /* LaunchScreen.storyboard */ = {
			isa = PBXVariantGroup;
			children = (
				7314212722A80796008DDFE4 /* Base */,
			);
			name = LaunchScreen.storyboard;
			sourceTree = "<group>";
		};
/* End PBXVariantGroup section */

/* Begin XCBuildConfiguration section */
		7314213522A80796008DDFE4 /* Debug */ = {
			isa = XCBuildConfiguration;
			buildSettings = {
				ALWAYS_SEARCH_USER_PATHS = NO;
				CLANG_ANALYZER_NONNULL = YES;
				CLANG_ANALYZER_NUMBER_OBJECT_CONVERSION = YES_AGGRESSIVE;
				CLANG_CXX_LANGUAGE_STANDARD = "gnu++14";
				CLANG_CXX_LIBRARY = "libc++";
				CLANG_ENABLE_MODULES = YES;
				CLANG_ENABLE_OBJC_ARC = YES;
				CLANG_ENABLE_OBJC_WEAK = YES;
				CLANG_WARN_BLOCK_CAPTURE_AUTORELEASING = YES;
				CLANG_WARN_BOOL_CONVERSION = YES;
				CLANG_WARN_COMMA = YES;
				CLANG_WARN_CONSTANT_CONVERSION = YES;
				CLANG_WARN_DEPRECATED_OBJC_IMPLEMENTATIONS = YES;
				CLANG_WARN_DIRECT_OBJC_ISA_USAGE = YES_ERROR;
				CLANG_WARN_DOCUMENTATION_COMMENTS = YES;
				CLANG_WARN_EMPTY_BODY = YES;
				CLANG_WARN_ENUM_CONVERSION = YES;
				CLANG_WARN_INFINITE_RECURSION = YES;
				CLANG_WARN_INT_CONVERSION = YES;
				CLANG_WARN_NON_LITERAL_NULL_CONVERSION = YES;
				CLANG_WARN_OBJC_IMPLICIT_RETAIN_SELF = YES;
				CLANG_WARN_OBJC_LITERAL_CONVERSION = YES;
				CLANG_WARN_OBJC_ROOT_CLASS = YES_ERROR;
				CLANG_WARN_RANGE_LOOP_ANALYSIS = YES;
				CLANG_WARN_STRICT_PROTOTYPES = YES;
				CLANG_WARN_SUSPICIOUS_MOVE = YES;
				CLANG_WARN_UNGUARDED_AVAILABILITY = YES_AGGRESSIVE;
				CLANG_WARN_UNREACHABLE_CODE = YES;
				CLANG_WARN__DUPLICATE_METHOD_MATCH = YES;
				CODE_SIGN_IDENTITY = "iPhone Developer";
				COPY_PHASE_STRIP = NO;
				DEBUG_INFORMATION_FORMAT = dwarf;
				ENABLE_STRICT_OBJC_MSGSEND = YES;
				ENABLE_TESTABILITY = YES;
				GCC_C_LANGUAGE_STANDARD = gnu11;
				GCC_DYNAMIC_NO_PIC = NO;
				GCC_NO_COMMON_BLOCKS = YES;
				GCC_OPTIMIZATION_LEVEL = 0;
				GCC_PREPROCESSOR_DEFINITIONS = (
					"DEBUG=1",
					"$(inherited)",
				);
				GCC_WARN_64_TO_32_BIT_CONVERSION = YES;
				GCC_WARN_ABOUT_RETURN_TYPE = YES_ERROR;
				GCC_WARN_UNDECLARED_SELECTOR = YES;
				GCC_WARN_UNINITIALIZED_AUTOS = YES_AGGRESSIVE;
				GCC_WARN_UNUSED_FUNCTION = YES;
				GCC_WARN_UNUSED_VARIABLE = YES;
				IPHONEOS_DEPLOYMENT_TARGET = 12.1;
				MTL_ENABLE_DEBUG_INFO = INCLUDE_SOURCE;
				MTL_FAST_MATH = YES;
				ONLY_ACTIVE_ARCH = YES;
				SDKROOT = iphoneos;
				SWIFT_ACTIVE_COMPILATION_CONDITIONS = DEBUG;
				SWIFT_OPTIMIZATION_LEVEL = "-Onone";
			};
			name = Debug;
		};
		7314213622A80796008DDFE4 /* Release */ = {
			isa = XCBuildConfiguration;
			buildSettings = {
				ALWAYS_SEARCH_USER_PATHS = NO;
				CLANG_ANALYZER_NONNULL = YES;
				CLANG_ANALYZER_NUMBER_OBJECT_CONVERSION = YES_AGGRESSIVE;
				CLANG_CXX_LANGUAGE_STANDARD = "gnu++14";
				CLANG_CXX_LIBRARY = "libc++";
				CLANG_ENABLE_MODULES = YES;
				CLANG_ENABLE_OBJC_ARC = YES;
				CLANG_ENABLE_OBJC_WEAK = YES;
				CLANG_WARN_BLOCK_CAPTURE_AUTORELEASING = YES;
				CLANG_WARN_BOOL_CONVERSION = YES;
				CLANG_WARN_COMMA = YES;
				CLANG_WARN_CONSTANT_CONVERSION = YES;
				CLANG_WARN_DEPRECATED_OBJC_IMPLEMENTATIONS = YES;
				CLANG_WARN_DIRECT_OBJC_ISA_USAGE = YES_ERROR;
				CLANG_WARN_DOCUMENTATION_COMMENTS = YES;
				CLANG_WARN_EMPTY_BODY = YES;
				CLANG_WARN_ENUM_CONVERSION = YES;
				CLANG_WARN_INFINITE_RECURSION = YES;
				CLANG_WARN_INT_CONVERSION = YES;
				CLANG_WARN_NON_LITERAL_NULL_CONVERSION = YES;
				CLANG_WARN_OBJC_IMPLICIT_RETAIN_SELF = YES;
				CLANG_WARN_OBJC_LITERAL_CONVERSION = YES;
				CLANG_WARN_OBJC_ROOT_CLASS = YES_ERROR;
				CLANG_WARN_RANGE_LOOP_ANALYSIS = YES;
				CLANG_WARN_STRICT_PROTOTYPES = YES;
				CLANG_WARN_SUSPICIOUS_MOVE = YES;
				CLANG_WARN_UNGUARDED_AVAILABILITY = YES_AGGRESSIVE;
				CLANG_WARN_UNREACHABLE_CODE = YES;
				CLANG_WARN__DUPLICATE_METHOD_MATCH = YES;
				CODE_SIGN_IDENTITY = "iPhone Developer";
				COPY_PHASE_STRIP = NO;
				DEBUG_INFORMATION_FORMAT = "dwarf-with-dsym";
				ENABLE_NS_ASSERTIONS = NO;
				ENABLE_STRICT_OBJC_MSGSEND = YES;
				GCC_C_LANGUAGE_STANDARD = gnu11;
				GCC_NO_COMMON_BLOCKS = YES;
				GCC_WARN_64_TO_32_BIT_CONVERSION = YES;
				GCC_WARN_ABOUT_RETURN_TYPE = YES_ERROR;
				GCC_WARN_UNDECLARED_SELECTOR = YES;
				GCC_WARN_UNINITIALIZED_AUTOS = YES_AGGRESSIVE;
				GCC_WARN_UNUSED_FUNCTION = YES;
				GCC_WARN_UNUSED_VARIABLE = YES;
				IPHONEOS_DEPLOYMENT_TARGET = 12.1;
				MTL_ENABLE_DEBUG_INFO = NO;
				MTL_FAST_MATH = YES;
				SDKROOT = iphoneos;
				SWIFT_COMPILATION_MODE = wholemodule;
				SWIFT_OPTIMIZATION_LEVEL = "-O";
				VALIDATE_PRODUCT = YES;
			};
			name = Release;
		};
		7314213822A80796008DDFE4 /* Debug */ = {
			isa = XCBuildConfiguration;
			baseConfigurationReference = 43B021740E7C7CC61A332297 /* Pods-FlixRedo.debug.xcconfig */;
			buildSettings = {
				ASSETCATALOG_COMPILER_APPICON_NAME = AppIcon;
				CODE_SIGN_STYLE = Automatic;
				DEVELOPMENT_TEAM = HSQ48H7AH6;
				INFOPLIST_FILE = FlixRedo/Info.plist;
				LD_RUNPATH_SEARCH_PATHS = (
					"$(inherited)",
					"@executable_path/Frameworks",
				);
				PRODUCT_BUNDLE_IDENTIFIER = com.taylormclaughlin.FlixRedo;
				PRODUCT_NAME = "$(TARGET_NAME)";
				SWIFT_VERSION = 4.2;
				TARGETED_DEVICE_FAMILY = "1,2";
			};
			name = Debug;
		};
		7314213922A80796008DDFE4 /* Release */ = {
			isa = XCBuildConfiguration;
			baseConfigurationReference = 2444D07118164DC64319969B /* Pods-FlixRedo.release.xcconfig */;
			buildSettings = {
				ASSETCATALOG_COMPILER_APPICON_NAME = AppIcon;
				CODE_SIGN_STYLE = Automatic;
				DEVELOPMENT_TEAM = HSQ48H7AH6;
				INFOPLIST_FILE = FlixRedo/Info.plist;
				LD_RUNPATH_SEARCH_PATHS = (
					"$(inherited)",
					"@executable_path/Frameworks",
				);
				PRODUCT_BUNDLE_IDENTIFIER = com.taylormclaughlin.FlixRedo;
				PRODUCT_NAME = "$(TARGET_NAME)";
				SWIFT_VERSION = 4.2;
				TARGETED_DEVICE_FAMILY = "1,2";
			};
			name = Release;
		};
		7314213B22A80796008DDFE4 /* Debug */ = {
			isa = XCBuildConfiguration;
			baseConfigurationReference = 24875CCACB76A7231CD0C565 /* Pods-FlixRedoUITests.debug.xcconfig */;
			buildSettings = {
				ALWAYS_EMBED_SWIFT_STANDARD_LIBRARIES = YES;
				CODE_SIGN_STYLE = Automatic;
				DEVELOPMENT_TEAM = HSQ48H7AH6;
				INFOPLIST_FILE = FlixRedoUITests/Info.plist;
				LD_RUNPATH_SEARCH_PATHS = (
					"$(inherited)",
					"@executable_path/Frameworks",
					"@loader_path/Frameworks",
				);
				PRODUCT_BUNDLE_IDENTIFIER = com.taylormclaughlin.FlixRedoUITests;
				PRODUCT_NAME = "$(TARGET_NAME)";
				SWIFT_VERSION = 4.2;
				TARGETED_DEVICE_FAMILY = "1,2";
				TEST_TARGET_NAME = FlixRedo;
			};
			name = Debug;
		};
		7314213C22A80796008DDFE4 /* Release */ = {
			isa = XCBuildConfiguration;
			baseConfigurationReference = A8B9B277AF6FB86D36ED75FB /* Pods-FlixRedoUITests.release.xcconfig */;
			buildSettings = {
				ALWAYS_EMBED_SWIFT_STANDARD_LIBRARIES = YES;
				CODE_SIGN_STYLE = Automatic;
				DEVELOPMENT_TEAM = HSQ48H7AH6;
				INFOPLIST_FILE = FlixRedoUITests/Info.plist;
				LD_RUNPATH_SEARCH_PATHS = (
					"$(inherited)",
					"@executable_path/Frameworks",
					"@loader_path/Frameworks",
				);
				PRODUCT_BUNDLE_IDENTIFIER = com.taylormclaughlin.FlixRedoUITests;
				PRODUCT_NAME = "$(TARGET_NAME)";
				SWIFT_VERSION = 4.2;
				TARGETED_DEVICE_FAMILY = "1,2";
				TEST_TARGET_NAME = FlixRedo;
			};
			name = Release;
		};
/* End XCBuildConfiguration section */

/* Begin XCConfigurationList section */
		7314211522A80794008DDFE4 /* Build configuration list for PBXProject "FlixRedo" */ = {
			isa = XCConfigurationList;
			buildConfigurations = (
				7314213522A80796008DDFE4 /* Debug */,
				7314213622A80796008DDFE4 /* Release */,
			);
			defaultConfigurationIsVisible = 0;
			defaultConfigurationName = Release;
		};
		7314213722A80796008DDFE4 /* Build configuration list for PBXNativeTarget "FlixRedo" */ = {
			isa = XCConfigurationList;
			buildConfigurations = (
				7314213822A80796008DDFE4 /* Debug */,
				7314213922A80796008DDFE4 /* Release */,
			);
			defaultConfigurationIsVisible = 0;
			defaultConfigurationName = Release;
		};
		7314213A22A80796008DDFE4 /* Build configuration list for PBXNativeTarget "FlixRedoUITests" */ = {
			isa = XCConfigurationList;
			buildConfigurations = (
				7314213B22A80796008DDFE4 /* Debug */,
				7314213C22A80796008DDFE4 /* Release */,
			);
			defaultConfigurationIsVisible = 0;
			defaultConfigurationName = Release;
		};
/* End XCConfigurationList section */
	};
	rootObject = 7314211222A80794008DDFE4 /* Project object */;
}
